dependencies:
- name: keycloakx
  repository: https://codecentric.github.io/helm-charts
  version: 2.3.0
- name: rabbitmq
  repository: https://charts.bitnami.com/bitnami
  version: 12.14.0
digest: sha256:2c2163912e3d75b4db8c34bd42e12796cf393eef17afa91beecf269fd578f784
generated: "2024-02-23T18:50:02.422714633Z"
