dependencies:
- name: keycloakx
  repository: https://codecentric.github.io/helm-charts
  version: 2.3.0
- name: rabbitmq
  repository: https://charts.bitnami.com/bitnami
  version: 12.9.0
digest: sha256:2627333c8786f8cd4670795a53cd4535df4390899f56906e51aa10d4722ccd8d
generated: "2024-01-30T14:39:27.802444388Z"
