dependencies:
- name: keycloakx
  repository: https://codecentric.github.io/helm-charts
  version: 2.4.3
- name: rabbitmq
  repository: https://charts.bitnami.com/bitnami
  version: 14.6.1
digest: sha256:1a6ed921d7deb3f1be77e527473d0212bb4ae828a4941b719dfdd9e5b1717fad
generated: "2024-07-18T10:02:42.372736996Z"
